
Microsoft Visual Studio Solution File, Format Version 12.00
# Visual Studio Version 16
VisualStudioVersion = 16.0.30907.101
MinimumVisualStudioVersion = 10.0.40219.1
Project("{FAE04EC0-301F-11D3-BF4B-00C04F79EFBC}") = "App.Bank", "App.Bank\App.Bank.csproj", "{C3AC0E35-73BB-4A77-A6B8-802D78DFF986}"
EndProject
Global
	GlobalSection(SolutionConfigurationPlatforms) = preSolution
		Debug|Any CPU = Debug|Any CPU
		Release|Any CPU = Release|Any CPU
	EndGlobalSection
	GlobalSection(ProjectConfigurationPlatforms) = postSolution
		{C3AC0E35-73BB-4A77-A6B8-802D78DFF986}.Debug|Any CPU.ActiveCfg = Debug|Any CPU
		{C3AC0E35-73BB-4A77-A6B8-802D78DFF986}.Debug|Any CPU.Build.0 = Debug|Any CPU
		{C3AC0E35-73BB-4A77-A6B8-802D78DFF986}.Release|Any CPU.ActiveCfg = Release|Any CPU
		{C3AC0E35-73BB-4A77-A6B8-802D78DFF986}.Release|Any CPU.Build.0 = Release|Any CPU
	EndGlobalSection
	GlobalSection(SolutionProperties) = preSolution
		HideSolutionNode = FALSE
	EndGlobalSection
	GlobalSection(ExtensibilityGlobals) = postSolution
		SolutionGuid = {339F6EEF-2E30-443A-BE12-2548F32DE57B}
	EndGlobalSection
EndGlobal
